// !$*UTF8*$!
{
	archiveVersion = 1;
	classes = {
	};
	objectVersion = 55;
	objects = {

/* Begin PBXBuildFile section */
		0B9C0DC128856E2400F9479C /* MemorizeApp.swift in Sources */ = {isa = PBXBuildFile; fileRef = 0B9C0DC028856E2400F9479C /* MemorizeApp.swift */; };
		0B9C0DC328856E2400F9479C /* EmojiMemoryGameView.swift in Sources */ = {isa = PBXBuildFile; fileRef = 0B9C0DC228856E2400F9479C /* EmojiMemoryGameView.swift */; };
		0B9C0DC528856E2800F9479C /* Assets.xcassets in Resources */ = {isa = PBXBuildFile; fileRef = 0B9C0DC428856E2800F9479C /* Assets.xcassets */; };
		0B9C0DC828856E2800F9479C /* Preview Assets.xcassets in Resources */ = {isa = PBXBuildFile; fileRef = 0B9C0DC728856E2800F9479C /* Preview Assets.xcassets */; };
		0BC42177288F183A008BC035 /* MemoryGame.swift in Sources */ = {isa = PBXBuildFile; fileRef = 0BC42176288F183A008BC035 /* MemoryGame.swift */; };
		0BC42179288F1BCF008BC035 /* EmojiMemoryGame.swift in Sources */ = {isa = PBXBuildFile; fileRef = 0BC42178288F1BCF008BC035 /* EmojiMemoryGame.swift */; };
		0BC4217F28942BD5008BC035 /* Theme.swift in Sources */ = {isa = PBXBuildFile; fileRef = 0BC4217E28942BD5008BC035 /* Theme.swift */; };
		8987D0D028C769C7002CE238 /* ThemeStore.swift in Sources */ = {isa = PBXBuildFile; fileRef = 8987D0CF28C769C7002CE238 /* ThemeStore.swift */; };
		8987D0D228C76A34002CE238 /* ThemesManager.swift in Sources */ = {isa = PBXBuildFile; fileRef = 8987D0D128C76A34002CE238 /* ThemesManager.swift */; };
		8987D0D428C76A47002CE238 /* ThemeEditor.swift in Sources */ = {isa = PBXBuildFile; fileRef = 8987D0D328C76A47002CE238 /* ThemeEditor.swift */; };
		89C2E40D28AA295D0080A183 /* AspectVGrid.swift in Sources */ = {isa = PBXBuildFile; fileRef = 89C2E40C28AA295C0080A183 /* AspectVGrid.swift */; };
		89C2E40F28AA3C8E0080A183 /* Pie.swift in Sources */ = {isa = PBXBuildFile; fileRef = 89C2E40E28AA3C8D0080A183 /* Pie.swift */; };
		89D4424028AF7B6E006B64D3 /* Cardify.swift in Sources */ = {isa = PBXBuildFile; fileRef = 89D4423F28AF7B6E006B64D3 /* Cardify.swift */; };
		89D4424328AF7F18006B64D3 /* Extensions.swift in Sources */ = {isa = PBXBuildFile; fileRef = 89D4424228AF7F18006B64D3 /* Extensions.swift */; };
/* End PBXBuildFile section */

/* Begin PBXFileReference section */
		0B9C0DBD28856E2400F9479C /* Memorize.app */ = {isa = PBXFileReference; explicitFileType = wrapper.application; includeInIndex = 0; path = Memorize.app; sourceTree = BUILT_PRODUCTS_DIR; };
		0B9C0DC028856E2400F9479C /* MemorizeApp.swift */ = {isa = PBXFileReference; lastKnownFileType = sourcecode.swift; path = MemorizeApp.swift; sourceTree = "<group>"; };
		0B9C0DC228856E2400F9479C /* EmojiMemoryGameView.swift */ = {isa = PBXFileReference; lastKnownFileType = sourcecode.swift; path = EmojiMemoryGameView.swift; sourceTree = "<group>"; };
		0B9C0DC428856E2800F9479C /* Assets.xcassets */ = {isa = PBXFileReference; lastKnownFileType = folder.assetcatalog; path = Assets.xcassets; sourceTree = "<group>"; };
		0B9C0DC728856E2800F9479C /* Preview Assets.xcassets */ = {isa = PBXFileReference; lastKnownFileType = folder.assetcatalog; path = "Preview Assets.xcassets"; sourceTree = "<group>"; };
		0BC42176288F183A008BC035 /* MemoryGame.swift */ = {isa = PBXFileReference; lastKnownFileType = sourcecode.swift; path = MemoryGame.swift; sourceTree = "<group>"; };
		0BC42178288F1BCF008BC035 /* EmojiMemoryGame.swift */ = {isa = PBXFileReference; lastKnownFileType = sourcecode.swift; path = EmojiMemoryGame.swift; sourceTree = "<group>"; };
		0BC4217E28942BD5008BC035 /* Theme.swift */ = {isa = PBXFileReference; lastKnownFileType = sourcecode.swift; path = Theme.swift; sourceTree = "<group>"; };
		8987D0CF28C769C7002CE238 /* ThemeStore.swift */ = {isa = PBXFileReference; lastKnownFileType = sourcecode.swift; path = ThemeStore.swift; sourceTree = "<group>"; };
		8987D0D128C76A34002CE238 /* ThemesManager.swift */ = {isa = PBXFileReference; lastKnownFileType = sourcecode.swift; path = ThemesManager.swift; sourceTree = "<group>"; };
		8987D0D328C76A47002CE238 /* ThemeEditor.swift */ = {isa = PBXFileReference; lastKnownFileType = sourcecode.swift; path = ThemeEditor.swift; sourceTree = "<group>"; };
		89C2E40C28AA295C0080A183 /* AspectVGrid.swift */ = {isa = PBXFileReference; lastKnownFileType = sourcecode.swift; path = AspectVGrid.swift; sourceTree = "<group>"; };
		89C2E40E28AA3C8D0080A183 /* Pie.swift */ = {isa = PBXFileReference; lastKnownFileType = sourcecode.swift; path = Pie.swift; sourceTree = "<group>"; };
		89D4423F28AF7B6E006B64D3 /* Cardify.swift */ = {isa = PBXFileReference; lastKnownFileType = sourcecode.swift; path = Cardify.swift; sourceTree = "<group>"; };
		89D4424228AF7F18006B64D3 /* Extensions.swift */ = {isa = PBXFileReference; lastKnownFileType = sourcecode.swift; path = Extensions.swift; sourceTree = "<group>"; };
/* End PBXFileReference section */

/* Begin PBXFrameworksBuildPhase section */
		0B9C0DBA28856E2400F9479C /* Frameworks */ = {
			isa = PBXFrameworksBuildPhase;
			buildActionMask = 2147483647;
			files = (
			);
			runOnlyForDeploymentPostprocessing = 0;
		};
/* End PBXFrameworksBuildPhase section */

/* Begin PBXGroup section */
		0B9C0DB428856E2400F9479C = {
			isa = PBXGroup;
			children = (
				0B9C0DBF28856E2400F9479C /* Memorize */,
				0B9C0DBE28856E2400F9479C /* Products */,
			);
			sourceTree = "<group>";
		};
		0B9C0DBE28856E2400F9479C /* Products */ = {
			isa = PBXGroup;
			children = (
				0B9C0DBD28856E2400F9479C /* Memorize.app */,
			);
			name = Products;
			sourceTree = "<group>";
		};
		0B9C0DBF28856E2400F9479C /* Memorize */ = {
			isa = PBXGroup;
			children = (
				0B9C0DC028856E2400F9479C /* MemorizeApp.swift */,
				8987D0CE28C7691A002CE238 /* Models */,
				8987D0CD28C7690F002CE238 /* ViewModels */,
				8987D0CC28C76904002CE238 /* Views */,
				0B9C0DC428856E2800F9479C /* Assets.xcassets */,
				0B9C0DC628856E2800F9479C /* Preview Content */,
				89D4424128AF7ED9006B64D3 /* Extensions */,
			);
			path = Memorize;
			sourceTree = "<group>";
		};
		0B9C0DC628856E2800F9479C /* Preview Content */ = {
			isa = PBXGroup;
			children = (
				0B9C0DC728856E2800F9479C /* Preview Assets.xcassets */,
			);
			path = "Preview Content";
			sourceTree = "<group>";
		};
		8987D0CC28C76904002CE238 /* Views */ = {
			isa = PBXGroup;
			children = (
				0B9C0DC228856E2400F9479C /* EmojiMemoryGameView.swift */,
				89D4423F28AF7B6E006B64D3 /* Cardify.swift */,
				89C2E40E28AA3C8D0080A183 /* Pie.swift */,
				89C2E40C28AA295C0080A183 /* AspectVGrid.swift */,
				8987D0D128C76A34002CE238 /* ThemesManager.swift */,
				8987D0D328C76A47002CE238 /* ThemeEditor.swift */,
			);
			path = Views;
			sourceTree = "<group>";
		};
		8987D0CD28C7690F002CE238 /* ViewModels */ = {
			isa = PBXGroup;
			children = (
				0BC42178288F1BCF008BC035 /* EmojiMemoryGame.swift */,
				8987D0CF28C769C7002CE238 /* ThemeStore.swift */,
			);
			path = ViewModels;
			sourceTree = "<group>";
		};
		8987D0CE28C7691A002CE238 /* Models */ = {
			isa = PBXGroup;
			children = (
				0BC42176288F183A008BC035 /* MemoryGame.swift */,
				0BC4217E28942BD5008BC035 /* Theme.swift */,
			);
			path = Models;
			sourceTree = "<group>";
		};
		89D4424128AF7ED9006B64D3 /* Extensions */ = {
			isa = PBXGroup;
			children = (
				89D4424228AF7F18006B64D3 /* Extensions.swift */,
			);
			path = Extensions;
			sourceTree = "<group>";
		};
/* End PBXGroup section */

/* Begin PBXNativeTarget section */
		0B9C0DBC28856E2400F9479C /* Memorize */ = {
			isa = PBXNativeTarget;
			buildConfigurationList = 0B9C0DCB28856E2800F9479C /* Build configuration list for PBXNativeTarget "Memorize" */;
			buildPhases = (
				0B9C0DB928856E2400F9479C /* Sources */,
				0B9C0DBA28856E2400F9479C /* Frameworks */,
				0B9C0DBB28856E2400F9479C /* Resources */,
			);
			buildRules = (
			);
			dependencies = (
			);
			name = Memorize;
			productName = Memorize;
			productReference = 0B9C0DBD28856E2400F9479C /* Memorize.app */;
			productType = "com.apple.product-type.application";
		};
/* End PBXNativeTarget section */

/* Begin PBXProject section */
		0B9C0DB528856E2400F9479C /* Project object */ = {
			isa = PBXProject;
			attributes = {
				BuildIndependentTargetsInParallel = 1;
				LastSwiftUpdateCheck = 1340;
				LastUpgradeCheck = 1340;
				TargetAttributes = {
					0B9C0DBC28856E2400F9479C = {
						CreatedOnToolsVersion = 13.4.1;
					};
				};
			};
			buildConfigurationList = 0B9C0DB828856E2400F9479C /* Build configuration list for PBXProject "Memorize" */;
			compatibilityVersion = "Xcode 13.0";
			developmentRegion = en;
			hasScannedForEncodings = 0;
			knownRegions = (
				en,
				Base,
			);
			mainGroup = 0B9C0DB428856E2400F9479C;
			productRefGroup = 0B9C0DBE28856E2400F9479C /* Products */;
			projectDirPath = "";
			projectRoot = "";
			targets = (
				0B9C0DBC28856E2400F9479C /* Memorize */,
			);
		};
/* End PBXProject section */

/* Begin PBXResourcesBuildPhase section */
		0B9C0DBB28856E2400F9479C /* Resources */ = {
			isa = PBXResourcesBuildPhase;
			buildActionMask = 2147483647;
			files = (
				0B9C0DC828856E2800F9479C /* Preview Assets.xcassets in Resources */,
				0B9C0DC528856E2800F9479C /* Assets.xcassets in Resources */,
			);
			runOnlyForDeploymentPostprocessing = 0;
		};
/* End PBXResourcesBuildPhase section */

/* Begin PBXSourcesBuildPhase section */
		0B9C0DB928856E2400F9479C /* Sources */ = {
			isa = PBXSourcesBuildPhase;
			buildActionMask = 2147483647;
			files = (
				0BC42177288F183A008BC035 /* MemoryGame.swift in Sources */,
				8987D0D428C76A47002CE238 /* ThemeEditor.swift in Sources */,
				0B9C0DC328856E2400F9479C /* EmojiMemoryGameView.swift in Sources */,
				89C2E40F28AA3C8E0080A183 /* Pie.swift in Sources */,
				8987D0D028C769C7002CE238 /* ThemeStore.swift in Sources */,
				89D4424028AF7B6E006B64D3 /* Cardify.swift in Sources */,
				89C2E40D28AA295D0080A183 /* AspectVGrid.swift in Sources */,
				89D4424328AF7F18006B64D3 /* Extensions.swift in Sources */,
				0B9C0DC128856E2400F9479C /* MemorizeApp.swift in Sources */,
				0BC4217F28942BD5008BC035 /* Theme.swift in Sources */,
				0BC42179288F1BCF008BC035 /* EmojiMemoryGame.swift in Sources */,
				8987D0D228C76A34002CE238 /* ThemesManager.swift in Sources */,
			);
			runOnlyForDeploymentPostprocessing = 0;
		};
/* End PBXSourcesBuildPhase section */

/* Begin XCBuildConfiguration section */
		0B9C0DC928856E2800F9479C /* Debug */ = {
			isa = XCBuildConfiguration;
			buildSettings = {
				ALWAYS_SEARCH_USER_PATHS = NO;
				CLANG_ANALYZER_NONNULL = YES;
				CLANG_ANALYZER_NUMBER_OBJECT_CONVERSION = YES_AGGRESSIVE;
				CLANG_CXX_LANGUAGE_STANDARD = "gnu++17";
				CLANG_ENABLE_MODULES = YES;
				CLANG_ENABLE_OBJC_ARC = YES;
				CLANG_ENABLE_OBJC_WEAK = YES;
				CLANG_WARN_BLOCK_CAPTURE_AUTORELEASING = YES;
				CLANG_WARN_BOOL_CONVERSION = YES;
				CLANG_WARN_COMMA = YES;
				CLANG_WARN_CONSTANT_CONVERSION = YES;
				CLANG_WARN_DEPRECATED_OBJC_IMPLEMENTATIONS = YES;
				CLANG_WARN_DIRECT_OBJC_ISA_USAGE = YES_ERROR;
				CLANG_WARN_DOCUMENTATION_COMMENTS = YES;
				CLANG_WARN_EMPTY_BODY = YES;
				CLANG_WARN_ENUM_CONVERSION = YES;
				CLANG_WARN_INFINITE_RECURSION = YES;
				CLANG_WARN_INT_CONVERSION = YES;
				CLANG_WARN_NON_LITERAL_NULL_CONVERSION = YES;
				CLANG_WARN_OBJC_IMPLICIT_RETAIN_SELF = YES;
				CLANG_WARN_OBJC_LITERAL_CONVERSION = YES;
				CLANG_WARN_OBJC_ROOT_CLASS = YES_ERROR;
				CLANG_WARN_QUOTED_INCLUDE_IN_FRAMEWORK_HEADER = YES;
				CLANG_WARN_RANGE_LOOP_ANALYSIS = YES;
				CLANG_WARN_STRICT_PROTOTYPES = YES;
				CLANG_WARN_SUSPICIOUS_MOVE = YES;
				CLANG_WARN_UNGUARDED_AVAILABILITY = YES_AGGRESSIVE;
				CLANG_WARN_UNREACHABLE_CODE = YES;
				CLANG_WARN__DUPLICATE_METHOD_MATCH = YES;
				COPY_PHASE_STRIP = NO;
				DEBUG_INFORMATION_FORMAT = dwarf;
				ENABLE_STRICT_OBJC_MSGSEND = YES;
				ENABLE_TESTABILITY = YES;
				GCC_C_LANGUAGE_STANDARD = gnu11;
				GCC_DYNAMIC_NO_PIC = NO;
				GCC_NO_COMMON_BLOCKS = YES;
				GCC_OPTIMIZATION_LEVEL = 0;
				GCC_PREPROCESSOR_DEFINITIONS = (
					"DEBUG=1",
					"$(inherited)",
				);
				GCC_WARN_64_TO_32_BIT_CONVERSION = YES;
				GCC_WARN_ABOUT_RETURN_TYPE = YES_ERROR;
				GCC_WARN_UNDECLARED_SELECTOR = YES;
				GCC_WARN_UNINITIALIZED_AUTOS = YES_AGGRESSIVE;
				GCC_WARN_UNUSED_FUNCTION = YES;
				GCC_WARN_UNUSED_VARIABLE = YES;
				IPHONEOS_DEPLOYMENT_TARGET = 15.5;
				MTL_ENABLE_DEBUG_INFO = INCLUDE_SOURCE;
				MTL_FAST_MATH = YES;
				ONLY_ACTIVE_ARCH = YES;
				SDKROOT = iphoneos;
				SWIFT_ACTIVE_COMPILATION_CONDITIONS = DEBUG;
				SWIFT_OPTIMIZATION_LEVEL = "-Onone";
			};
			name = Debug;
		};
		0B9C0DCA28856E2800F9479C /* Release */ = {
			isa = XCBuildConfiguration;
			buildSettings = {
				ALWAYS_SEARCH_USER_PATHS = NO;
				CLANG_ANALYZER_NONNULL = YES;
				CLANG_ANALYZER_NUMBER_OBJECT_CONVERSION = YES_AGGRESSIVE;
				CLANG_CXX_LANGUAGE_STANDARD = "gnu++17";
				CLANG_ENABLE_MODULES = YES;
				CLANG_ENABLE_OBJC_ARC = YES;
				CLANG_ENABLE_OBJC_WEAK = YES;
				CLANG_WARN_BLOCK_CAPTURE_AUTORELEASING = YES;
				CLANG_WARN_BOOL_CONVERSION = YES;
				CLANG_WARN_COMMA = YES;
				CLANG_WARN_CONSTANT_CONVERSION = YES;
				CLANG_WARN_DEPRECATED_OBJC_IMPLEMENTATIONS = YES;
				CLANG_WARN_DIRECT_OBJC_ISA_USAGE = YES_ERROR;
				CLANG_WARN_DOCUMENTATION_COMMENTS = YES;
				CLANG_WARN_EMPTY_BODY = YES;
				CLANG_WARN_ENUM_CONVERSION = YES;
				CLANG_WARN_INFINITE_RECURSION = YES;
				CLANG_WARN_INT_CONVERSION = YES;
				CLANG_WARN_NON_LITERAL_NULL_CONVERSION = YES;
				CLANG_WARN_OBJC_IMPLICIT_RETAIN_SELF = YES;
				CLANG_WARN_OBJC_LITERAL_CONVERSION = YES;
				CLANG_WARN_OBJC_ROOT_CLASS = YES_ERROR;
				CLANG_WARN_QUOTED_INCLUDE_IN_FRAMEWORK_HEADER = YES;
				CLANG_WARN_RANGE_LOOP_ANALYSIS = YES;
				CLANG_WARN_STRICT_PROTOTYPES = YES;
				CLANG_WARN_SUSPICIOUS_MOVE = YES;
				CLANG_WARN_UNGUARDED_AVAILABILITY = YES_AGGRESSIVE;
				CLANG_WARN_UNREACHABLE_CODE = YES;
				CLANG_WARN__DUPLICATE_METHOD_MATCH = YES;
				COPY_PHASE_STRIP = NO;
				DEBUG_INFORMATION_FORMAT = "dwarf-with-dsym";
				ENABLE_NS_ASSERTIONS = NO;
				ENABLE_STRICT_OBJC_MSGSEND = YES;
				GCC_C_LANGUAGE_STANDARD = gnu11;
				GCC_NO_COMMON_BLOCKS = YES;
				GCC_WARN_64_TO_32_BIT_CONVERSION = YES;
				GCC_WARN_ABOUT_RETURN_TYPE = YES_ERROR;
				GCC_WARN_UNDECLARED_SELECTOR = YES;
				GCC_WARN_UNINITIALIZED_AUTOS = YES_AGGRESSIVE;
				GCC_WARN_UNUSED_FUNCTION = YES;
				GCC_WARN_UNUSED_VARIABLE = YES;
				IPHONEOS_DEPLOYMENT_TARGET = 15.5;
				MTL_ENABLE_DEBUG_INFO = NO;
				MTL_FAST_MATH = YES;
				SDKROOT = iphoneos;
				SWIFT_COMPILATION_MODE = wholemodule;
				SWIFT_OPTIMIZATION_LEVEL = "-O";
				VALIDATE_PRODUCT = YES;
			};
			name = Release;
		};
		0B9C0DCC28856E2800F9479C /* Debug */ = {
			isa = XCBuildConfiguration;
			buildSettings = {
				ASSETCATALOG_COMPILER_APPICON_NAME = AppIcon;
				ASSETCATALOG_COMPILER_GLOBAL_ACCENT_COLOR_NAME = AccentColor;
				CODE_SIGN_STYLE = Automatic;
				CURRENT_PROJECT_VERSION = 1;
				DEVELOPMENT_ASSET_PATHS = "\"Memorize/Preview Content\"";
				ENABLE_PREVIEWS = YES;
				GENERATE_INFOPLIST_FILE = YES;
				INFOPLIST_KEY_UIApplicationSceneManifest_Generation = YES;
				INFOPLIST_KEY_UIApplicationSupportsIndirectInputEvents = YES;
				INFOPLIST_KEY_UILaunchScreen_Generation = YES;
				INFOPLIST_KEY_UISupportedInterfaceOrientations_iPad = "UIInterfaceOrientationPortrait UIInterfaceOrientationPortraitUpsideDown UIInterfaceOrientationLandscapeLeft UIInterfaceOrientationLandscapeRight";
				INFOPLIST_KEY_UISupportedInterfaceOrientations_iPhone = "UIInterfaceOrientationPortrait UIInterfaceOrientationLandscapeLeft UIInterfaceOrientationLandscapeRight";
				LD_RUNPATH_SEARCH_PATHS = (
					"$(inherited)",
					"@executable_path/Frameworks",
				);
				MARKETING_VERSION = 1.0;
				PRODUCT_BUNDLE_IDENTIFIER = bluesky.Memorize;
				PRODUCT_NAME = "$(TARGET_NAME)";
				SWIFT_EMIT_LOC_STRINGS = YES;
				SWIFT_VERSION = 5.0;
				TARGETED_DEVICE_FAMILY = "1,2";
			};
			name = Debug;
		};
		0B9C0DCD28856E2800F9479C /* Release */ = {
			isa = XCBuildConfiguration;
			buildSettings = {
				ASSETCATALOG_COMPILER_APPICON_NAME = AppIcon;
				ASSETCATALOG_COMPILER_GLOBAL_ACCENT_COLOR_NAME = AccentColor;
				CODE_SIGN_STYLE = Automatic;
				CURRENT_PROJECT_VERSION = 1;
				DEVELOPMENT_ASSET_PATHS = "\"Memorize/Preview Content\"";
				ENABLE_PREVIEWS = YES;
				GENERATE_INFOPLIST_FILE = YES;
				INFOPLIST_KEY_UIApplicationSceneManifest_Generation = YES;
				INFOPLIST_KEY_UIApplicationSupportsIndirectInputEvents = YES;
				INFOPLIST_KEY_UILaunchScreen_Generation = YES;
				INFOPLIST_KEY_UISupportedInterfaceOrientations_iPad = "UIInterfaceOrientationPortrait UIInterfaceOrientationPortraitUpsideDown UIInterfaceOrientationLandscapeLeft UIInterfaceOrientationLandscapeRight";
				INFOPLIST_KEY_UISupportedInterfaceOrientations_iPhone = "UIInterfaceOrientationPortrait UIInterfaceOrientationLandscapeLeft UIInterfaceOrientationLandscapeRight";
				LD_RUNPATH_SEARCH_PATHS = (
					"$(inherited)",
					"@executable_path/Frameworks",
				);
				MARKETING_VERSION = 1.0;
				PRODUCT_BUNDLE_IDENTIFIER = bluesky.Memorize;
				PRODUCT_NAME = "$(TARGET_NAME)";
				SWIFT_EMIT_LOC_STRINGS = YES;
				SWIFT_VERSION = 5.0;
				TARGETED_DEVICE_FAMILY = "1,2";
			};
			name = Release;
		};
/* End XCBuildConfiguration section */

/* Begin XCConfigurationList section */
		0B9C0DB828856E2400F9479C /* Build configuration list for PBXProject "Memorize" */ = {
			isa = XCConfigurationList;
			buildConfigurations = (
				0B9C0DC928856E2800F9479C /* Debug */,
				0B9C0DCA28856E2800F9479C /* Release */,
			);
			defaultConfigurationIsVisible = 0;
			defaultConfigurationName = Release;
		};
		0B9C0DCB28856E2800F9479C /* Build configuration list for PBXNativeTarget "Memorize" */ = {
			isa = XCConfigurationList;
			buildConfigurations = (
				0B9C0DCC28856E2800F9479C /* Debug */,
				0B9C0DCD28856E2800F9479C /* Release */,
			);
			defaultConfigurationIsVisible = 0;
			defaultConfigurationName = Release;
		};
/* End XCConfigurationList section */
	};
	rootObject = 0B9C0DB528856E2400F9479C /* Project object */;
}
